
Microsoft Visual Studio Solution File, Format Version 12.00
# Visual Studio Version 17
VisualStudioVersion = 17.0.31903.59
MinimumVisualStudioVersion = 10.0.40219.1
Project("{9A19103F-16F7-4668-BE54-9A1E7A4F7556}") = "returnScaledImage", "returnScaledImage\returnScaledImage.csproj", "{DFF5EB25-743A-4E0E-BF99-9E3B60A112D2}"
EndProject
Global
	GlobalSection(SolutionConfigurationPlatforms) = preSolution
		Debug|Any CPU = Debug|Any CPU
		Release|Any CPU = Release|Any CPU
	EndGlobalSection
	GlobalSection(ProjectConfigurationPlatforms) = postSolution
		{DFF5EB25-743A-4E0E-BF99-9E3B60A112D2}.Debug|Any CPU.ActiveCfg = Debug|Any CPU
		{DFF5EB25-743A-4E0E-BF99-9E3B60A112D2}.Debug|Any CPU.Build.0 = Debug|Any CPU
		{DFF5EB25-743A-4E0E-BF99-9E3B60A112D2}.Release|Any CPU.ActiveCfg = Release|Any CPU
		{DFF5EB25-743A-4E0E-BF99-9E3B60A112D2}.Release|Any CPU.Build.0 = Release|Any CPU
	EndGlobalSection
	GlobalSection(SolutionProperties) = preSolution
		HideSolutionNode = FALSE
	EndGlobalSection
	GlobalSection(ExtensibilityGlobals) = postSolution
		SolutionGuid = {77A622E8-19CE-4B3C-9C42-6E441910CA04}
	EndGlobalSection
EndGlobal
